
Microsoft Visual Studio Solution File, Format Version 12.00
# Visual Studio Version 17
VisualStudioVersion = 17.0.32014.148
MinimumVisualStudioVersion = 10.0.40219.1
Project("{FAE04EC0-301F-11D3-BF4B-00C04F79EFBC}") = "OnlineCMS", "OnlineCMS\OnlineCMS.csproj", "{BA5E2686-7EF2-405D-8ABD-CE0B6467D953}"
EndProject
Global
	GlobalSection(SolutionConfigurationPlatforms) = preSolution
		Debug|Any CPU = Debug|Any CPU
		Release|Any CPU = Release|Any CPU
	EndGlobalSection
	GlobalSection(ProjectConfigurationPlatforms) = postSolution
		{BA5E2686-7EF2-405D-8ABD-CE0B6467D953}.Debug|Any CPU.ActiveCfg = Debug|Any CPU
		{BA5E2686-7EF2-405D-8ABD-CE0B6467D953}.Debug|Any CPU.Build.0 = Debug|Any CPU
		{BA5E2686-7EF2-405D-8ABD-CE0B6467D953}.Release|Any CPU.ActiveCfg = Release|Any CPU
		{BA5E2686-7EF2-405D-8ABD-CE0B6467D953}.Release|Any CPU.Build.0 = Release|Any CPU
	EndGlobalSection
	GlobalSection(SolutionProperties) = preSolution
		HideSolutionNode = FALSE
	EndGlobalSection
	GlobalSection(ExtensibilityGlobals) = postSolution
		SolutionGuid = {009A829C-C76C-426B-A84A-A1C5273EBC09}
	EndGlobalSection
EndGlobal
